
Microsoft Visual Studio Solution File, Format Version 12.00
# Visual Studio Version 17
VisualStudioVersion = 17.2.32630.192
MinimumVisualStudioVersion = 10.0.40219.1
Project("{FAE04EC0-301F-11D3-BF4B-00C04F79EFBC}") = "GrpcRecipeApp", "GrpcRecipeApp\GrpcRecipeApp.csproj", "{40D9D3F9-8BBC-4358-9F91-056C0C2B45EE}"
EndProject
Global
	GlobalSection(SolutionConfigurationPlatforms) = preSolution
		Debug|Any CPU = Debug|Any CPU
		Release|Any CPU = Release|Any CPU
	EndGlobalSection
	GlobalSection(ProjectConfigurationPlatforms) = postSolution
		{40D9D3F9-8BBC-4358-9F91-056C0C2B45EE}.Debug|Any CPU.ActiveCfg = Debug|Any CPU
		{40D9D3F9-8BBC-4358-9F91-056C0C2B45EE}.Debug|Any CPU.Build.0 = Debug|Any CPU
		{40D9D3F9-8BBC-4358-9F91-056C0C2B45EE}.Release|Any CPU.ActiveCfg = Release|Any CPU
		{40D9D3F9-8BBC-4358-9F91-056C0C2B45EE}.Release|Any CPU.Build.0 = Release|Any CPU
	EndGlobalSection
	GlobalSection(SolutionProperties) = preSolution
		HideSolutionNode = FALSE
	EndGlobalSection
	GlobalSection(ExtensibilityGlobals) = postSolution
		SolutionGuid = {1FDACCA8-BC85-4E8B-B7F1-C6086AD49A7A}
	EndGlobalSection
EndGlobal
